{
  "pins" : [
    {
      "identity" : "autolayouthelpers",
      "kind" : "remoteSourceControl",
      "location" : "https://github.com/Gabardone/AutoLayoutHelpers",
      "state" : {
        "revision" : "579af9fcc2744ae786e150847cc4eec506cdf903",
        "version" : "1.2.0"
      }
    },
    {
      "identity" : "swiftux",
      "kind" : "remoteSourceControl",
      "location" : "https://github.com/Gabardone/SwiftUX",
      "state" : {
        "revision" : "15789dfd8f6c9cbcfa18956b269fc0673e518207",
        "version" : "1.0.1"
      }
    }
  ],
  "version" : 2
}
