{
  "pins" : [
    {
      "identity" : "autolayouthelpers",
      "kind" : "remoteSourceControl",
      "location" : "https://github.com/Gabardone/AutoLayoutHelpers",
      "state" : {
        "revision" : "45989dc5b65c6ab34f40beaf3cf1f8fb991d0730",
        "version" : "1.2.2"
      }
    },
    {
      "identity" : "swiftux",
      "kind" : "remoteSourceControl",
      "location" : "https://github.com/Gabardone/SwiftUX",
      "state" : {
        "revision" : "46cbd8ea74b3116c4d12130a4be069288ae9245c",
        "version" : "1.0.2"
      }
    }
  ],
  "version" : 2
}
